
Microsoft Visual Studio Solution File, Format Version 12.00
# Visual Studio Version 17
VisualStudioVersion = 17.11.35327.3
MinimumVisualStudioVersion = 10.0.40219.1
Project("{FAE04EC0-301F-11D3-BF4B-00C04F79EFBC}") = "IntelektikaTheGame", "IntelektikaTheGame\IntelektikaTheGame.csproj", "{EF82494A-337E-4D45-8C74-1ED2752071DE}"
EndProject
Global
	GlobalSection(SolutionConfigurationPlatforms) = preSolution
		Debug|Any CPU = Debug|Any CPU
		Release|Any CPU = Release|Any CPU
	EndGlobalSection
	GlobalSection(ProjectConfigurationPlatforms) = postSolution
		{EF82494A-337E-4D45-8C74-1ED2752071DE}.Debug|Any CPU.ActiveCfg = Debug|Any CPU
		{EF82494A-337E-4D45-8C74-1ED2752071DE}.Debug|Any CPU.Build.0 = Debug|Any CPU
		{EF82494A-337E-4D45-8C74-1ED2752071DE}.Release|Any CPU.ActiveCfg = Release|Any CPU
		{EF82494A-337E-4D45-8C74-1ED2752071DE}.Release|Any CPU.Build.0 = Release|Any CPU
	EndGlobalSection
	GlobalSection(SolutionProperties) = preSolution
		HideSolutionNode = FALSE
	EndGlobalSection
	GlobalSection(ExtensibilityGlobals) = postSolution
		SolutionGuid = {8028CD8A-9A46-4503-9D95-9FC858267FDD}
	EndGlobalSection
EndGlobal
